
Microsoft Visual Studio Solution File, Format Version 12.00
# Visual Studio Version 16
VisualStudioVersion = 16.0.29215.179
MinimumVisualStudioVersion = 10.0.40219.1
Project("{FAE04EC0-301F-11D3-BF4B-00C04F79EFBC}") = "ReadWriteExample", "ReadWriteExample\ReadWriteExample.csproj", "{896FF946-4D34-42A5-BC0C-A0365FD83499}"
EndProject
Global
	GlobalSection(SolutionConfigurationPlatforms) = preSolution
		Debug|Any CPU = Debug|Any CPU
		Release|Any CPU = Release|Any CPU
	EndGlobalSection
	GlobalSection(ProjectConfigurationPlatforms) = postSolution
		{896FF946-4D34-42A5-BC0C-A0365FD83499}.Debug|Any CPU.ActiveCfg = Debug|Any CPU
		{896FF946-4D34-42A5-BC0C-A0365FD83499}.Debug|Any CPU.Build.0 = Debug|Any CPU
		{896FF946-4D34-42A5-BC0C-A0365FD83499}.Release|Any CPU.ActiveCfg = Release|Any CPU
		{896FF946-4D34-42A5-BC0C-A0365FD83499}.Release|Any CPU.Build.0 = Release|Any CPU
	EndGlobalSection
	GlobalSection(SolutionProperties) = preSolution
		HideSolutionNode = FALSE
	EndGlobalSection
	GlobalSection(ExtensibilityGlobals) = postSolution
		SolutionGuid = {044E811E-8A58-4DF2-AE0F-D0877D314446}
	EndGlobalSection
EndGlobal
