
Microsoft Visual Studio Solution File, Format Version 12.00
# Visual Studio Version 16
VisualStudioVersion = 16.0.29509.3
MinimumVisualStudioVersion = 10.0.40219.1
Project("{FAE04EC0-301F-11D3-BF4B-00C04F79EFBC}") = "arrayExample2", "arrayExample2\arrayExample2.csproj", "{B78B1E21-71A9-4E71-ADFB-B8E3FD52FE70}"
EndProject
Global
	GlobalSection(SolutionConfigurationPlatforms) = preSolution
		Debug|Any CPU = Debug|Any CPU
		Release|Any CPU = Release|Any CPU
	EndGlobalSection
	GlobalSection(ProjectConfigurationPlatforms) = postSolution
		{B78B1E21-71A9-4E71-ADFB-B8E3FD52FE70}.Debug|Any CPU.ActiveCfg = Debug|Any CPU
		{B78B1E21-71A9-4E71-ADFB-B8E3FD52FE70}.Debug|Any CPU.Build.0 = Debug|Any CPU
		{B78B1E21-71A9-4E71-ADFB-B8E3FD52FE70}.Release|Any CPU.ActiveCfg = Release|Any CPU
		{B78B1E21-71A9-4E71-ADFB-B8E3FD52FE70}.Release|Any CPU.Build.0 = Release|Any CPU
	EndGlobalSection
	GlobalSection(SolutionProperties) = preSolution
		HideSolutionNode = FALSE
	EndGlobalSection
	GlobalSection(ExtensibilityGlobals) = postSolution
		SolutionGuid = {E47FAB62-CA42-48BD-9C76-90D592C490AB}
	EndGlobalSection
EndGlobal
