
Microsoft Visual Studio Solution File, Format Version 12.00
# Visual Studio Version 16
VisualStudioVersion = 16.0.29215.179
MinimumVisualStudioVersion = 10.0.40219.1
Project("{FAE04EC0-301F-11D3-BF4B-00C04F79EFBC}") = "PasswordQueryExample", "PasswordQueryExample\PasswordQueryExample.csproj", "{33308CA8-09BE-4F42-B7F5-7522276EDB7C}"
EndProject
Project("{FAE04EC0-301F-11D3-BF4B-00C04F79EFBC}") = "PasswordQueryExampleVersion2", "PasswordQueryExampleVersion2\PasswordQueryExampleVersion2.csproj", "{F52EAE42-D34D-4FA1-BF9B-A7DDE7ED5A65}"
EndProject
Global
	GlobalSection(SolutionConfigurationPlatforms) = preSolution
		Debug|Any CPU = Debug|Any CPU
		Release|Any CPU = Release|Any CPU
	EndGlobalSection
	GlobalSection(ProjectConfigurationPlatforms) = postSolution
		{33308CA8-09BE-4F42-B7F5-7522276EDB7C}.Debug|Any CPU.ActiveCfg = Debug|Any CPU
		{33308CA8-09BE-4F42-B7F5-7522276EDB7C}.Debug|Any CPU.Build.0 = Debug|Any CPU
		{33308CA8-09BE-4F42-B7F5-7522276EDB7C}.Release|Any CPU.ActiveCfg = Release|Any CPU
		{33308CA8-09BE-4F42-B7F5-7522276EDB7C}.Release|Any CPU.Build.0 = Release|Any CPU
		{F52EAE42-D34D-4FA1-BF9B-A7DDE7ED5A65}.Debug|Any CPU.ActiveCfg = Debug|Any CPU
		{F52EAE42-D34D-4FA1-BF9B-A7DDE7ED5A65}.Debug|Any CPU.Build.0 = Debug|Any CPU
		{F52EAE42-D34D-4FA1-BF9B-A7DDE7ED5A65}.Release|Any CPU.ActiveCfg = Release|Any CPU
		{F52EAE42-D34D-4FA1-BF9B-A7DDE7ED5A65}.Release|Any CPU.Build.0 = Release|Any CPU
	EndGlobalSection
	GlobalSection(SolutionProperties) = preSolution
		HideSolutionNode = FALSE
	EndGlobalSection
	GlobalSection(ExtensibilityGlobals) = postSolution
		SolutionGuid = {5E410A5F-5F15-4A4C-8D24-0E8311B2F704}
	EndGlobalSection
EndGlobal
