
Microsoft Visual Studio Solution File, Format Version 12.00
# Visual Studio Version 16
VisualStudioVersion = 16.0.29215.179
MinimumVisualStudioVersion = 10.0.40219.1
Project("{FAE04EC0-301F-11D3-BF4B-00C04F79EFBC}") = "FactorialExample", "FactorialExample\FactorialExample.csproj", "{7F9AA8F6-395F-45A8-AE7B-069AF9CE42EB}"
EndProject
Global
	GlobalSection(SolutionConfigurationPlatforms) = preSolution
		Debug|Any CPU = Debug|Any CPU
		Release|Any CPU = Release|Any CPU
	EndGlobalSection
	GlobalSection(ProjectConfigurationPlatforms) = postSolution
		{7F9AA8F6-395F-45A8-AE7B-069AF9CE42EB}.Debug|Any CPU.ActiveCfg = Debug|Any CPU
		{7F9AA8F6-395F-45A8-AE7B-069AF9CE42EB}.Debug|Any CPU.Build.0 = Debug|Any CPU
		{7F9AA8F6-395F-45A8-AE7B-069AF9CE42EB}.Release|Any CPU.ActiveCfg = Release|Any CPU
		{7F9AA8F6-395F-45A8-AE7B-069AF9CE42EB}.Release|Any CPU.Build.0 = Release|Any CPU
	EndGlobalSection
	GlobalSection(SolutionProperties) = preSolution
		HideSolutionNode = FALSE
	EndGlobalSection
	GlobalSection(ExtensibilityGlobals) = postSolution
		SolutionGuid = {08BD91FE-44AB-4A1C-AB65-9875B5746A52}
	EndGlobalSection
EndGlobal
