
Microsoft Visual Studio Solution File, Format Version 12.00
# Visual Studio Version 16
VisualStudioVersion = 16.0.29215.179
MinimumVisualStudioVersion = 10.0.40219.1
Project("{FAE04EC0-301F-11D3-BF4B-00C04F79EFBC}") = "ArrayExample", "ArrayExample\ArrayExample.csproj", "{4343FF6A-45C8-45A6-ADF4-7072B30A904A}"
EndProject
Global
	GlobalSection(SolutionConfigurationPlatforms) = preSolution
		Debug|Any CPU = Debug|Any CPU
		Release|Any CPU = Release|Any CPU
	EndGlobalSection
	GlobalSection(ProjectConfigurationPlatforms) = postSolution
		{4343FF6A-45C8-45A6-ADF4-7072B30A904A}.Debug|Any CPU.ActiveCfg = Debug|Any CPU
		{4343FF6A-45C8-45A6-ADF4-7072B30A904A}.Debug|Any CPU.Build.0 = Debug|Any CPU
		{4343FF6A-45C8-45A6-ADF4-7072B30A904A}.Release|Any CPU.ActiveCfg = Release|Any CPU
		{4343FF6A-45C8-45A6-ADF4-7072B30A904A}.Release|Any CPU.Build.0 = Release|Any CPU
	EndGlobalSection
	GlobalSection(SolutionProperties) = preSolution
		HideSolutionNode = FALSE
	EndGlobalSection
	GlobalSection(ExtensibilityGlobals) = postSolution
		SolutionGuid = {49D7120C-F316-4894-BE2B-DE1768860F1C}
	EndGlobalSection
EndGlobal
